
Microsoft Visual Studio Solution File, Format Version 12.00
# Visual Studio Version 17
VisualStudioVersion = 17.9.34622.214
MinimumVisualStudioVersion = 10.0.40219.1
Project("{9A19103F-16F7-4668-BE54-9A1E7A4F7556}") = "DOCTOR.API", "src\DOCTOR.API\DOCTOR.API.csproj", "{E84D85F8-8322-4C51-B64D-6985B5723F39}"
EndProject
Project("{2150E333-8FDC-42A3-9474-1A3956D46DE8}") = "src", "src", "{3FB8BB5D-E771-4330-9C00-7EBB535F9816}"
EndProject
Project("{9A19103F-16F7-4668-BE54-9A1E7A4F7556}") = "DOCTOR.INFRA", "src\DOCTOR.INFRA\DOCTOR.INFRA.csproj", "{6830A3F3-DB31-4740-9F2A-6A276E0927B9}"
EndProject
Project("{9A19103F-16F7-4668-BE54-9A1E7A4F7556}") = "DOCTOR.APPLICATION", "src\DOCTOR.APPLICATION\DOCTOR.APPLICATION.csproj", "{42F20BDC-5695-4EDA-B690-264268AB78B9}"
EndProject
Project("{9A19103F-16F7-4668-BE54-9A1E7A4F7556}") = "DOCTOR.DOMAIN", "src\DOCTOR.DOMAIN\DOCTOR.DOMAIN.csproj", "{4AC2A3CB-EC81-4A9F-8664-86D987751CEF}"
EndProject
Project("{2150E333-8FDC-42A3-9474-1A3956D46DE8}") = "tests", "tests", "{792119C9-A512-4B7F-837C-BDE25838BB04}"
EndProject
Project("{FAE04EC0-301F-11D3-BF4B-00C04F79EFBC}") = "DOCTOR.DOMAIN", "test\DOCTOR.DOMAIN\DOCTOR.DOMAIN.csproj", "{8EEC1453-BBA9-4C61-B53B-6B89D03CEE16}"
EndProject
Project("{FAE04EC0-301F-11D3-BF4B-00C04F79EFBC}") = "DOCTOR.INFRA", "test\DOCTOR.INFRA\DOCTOR.INFRA.csproj", "{4BC43F52-6A28-4BCA-B180-E9E322952897}"
EndProject
Project("{FAE04EC0-301F-11D3-BF4B-00C04F79EFBC}") = "DOCTOR.APITEST", "DOCTOR.API\DOCTOR.APITEST.csproj", "{B9248F03-D550-4E74-B999-63645F6F8387}"
EndProject
Project("{FAE04EC0-301F-11D3-BF4B-00C04F79EFBC}") = "DOCTOR.APPLICATION", "DOCTOR.APPLICATION\DOCTOR.APPLICATION.csproj", "{FB44D749-264D-4A14-BE5A-68C4CB825D19}"
EndProject
Global
	GlobalSection(SolutionConfigurationPlatforms) = preSolution
		Debug|Any CPU = Debug|Any CPU
		Release|Any CPU = Release|Any CPU
	EndGlobalSection
	GlobalSection(ProjectConfigurationPlatforms) = postSolution
		{E84D85F8-8322-4C51-B64D-6985B5723F39}.Debug|Any CPU.ActiveCfg = Debug|Any CPU
		{E84D85F8-8322-4C51-B64D-6985B5723F39}.Debug|Any CPU.Build.0 = Debug|Any CPU
		{E84D85F8-8322-4C51-B64D-6985B5723F39}.Release|Any CPU.ActiveCfg = Release|Any CPU
		{E84D85F8-8322-4C51-B64D-6985B5723F39}.Release|Any CPU.Build.0 = Release|Any CPU
		{6830A3F3-DB31-4740-9F2A-6A276E0927B9}.Debug|Any CPU.ActiveCfg = Debug|Any CPU
		{6830A3F3-DB31-4740-9F2A-6A276E0927B9}.Debug|Any CPU.Build.0 = Debug|Any CPU
		{6830A3F3-DB31-4740-9F2A-6A276E0927B9}.Release|Any CPU.ActiveCfg = Release|Any CPU
		{6830A3F3-DB31-4740-9F2A-6A276E0927B9}.Release|Any CPU.Build.0 = Release|Any CPU
		{42F20BDC-5695-4EDA-B690-264268AB78B9}.Debug|Any CPU.ActiveCfg = Debug|Any CPU
		{42F20BDC-5695-4EDA-B690-264268AB78B9}.Debug|Any CPU.Build.0 = Debug|Any CPU
		{42F20BDC-5695-4EDA-B690-264268AB78B9}.Release|Any CPU.ActiveCfg = Release|Any CPU
		{42F20BDC-5695-4EDA-B690-264268AB78B9}.Release|Any CPU.Build.0 = Release|Any CPU
		{4AC2A3CB-EC81-4A9F-8664-86D987751CEF}.Debug|Any CPU.ActiveCfg = Debug|Any CPU
		{4AC2A3CB-EC81-4A9F-8664-86D987751CEF}.Debug|Any CPU.Build.0 = Debug|Any CPU
		{4AC2A3CB-EC81-4A9F-8664-86D987751CEF}.Release|Any CPU.ActiveCfg = Release|Any CPU
		{4AC2A3CB-EC81-4A9F-8664-86D987751CEF}.Release|Any CPU.Build.0 = Release|Any CPU
		{8EEC1453-BBA9-4C61-B53B-6B89D03CEE16}.Debug|Any CPU.ActiveCfg = Debug|Any CPU
		{8EEC1453-BBA9-4C61-B53B-6B89D03CEE16}.Debug|Any CPU.Build.0 = Debug|Any CPU
		{8EEC1453-BBA9-4C61-B53B-6B89D03CEE16}.Release|Any CPU.ActiveCfg = Release|Any CPU
		{8EEC1453-BBA9-4C61-B53B-6B89D03CEE16}.Release|Any CPU.Build.0 = Release|Any CPU
		{4BC43F52-6A28-4BCA-B180-E9E322952897}.Debug|Any CPU.ActiveCfg = Debug|Any CPU
		{4BC43F52-6A28-4BCA-B180-E9E322952897}.Debug|Any CPU.Build.0 = Debug|Any CPU
		{4BC43F52-6A28-4BCA-B180-E9E322952897}.Release|Any CPU.ActiveCfg = Release|Any CPU
		{4BC43F52-6A28-4BCA-B180-E9E322952897}.Release|Any CPU.Build.0 = Release|Any CPU
		{B9248F03-D550-4E74-B999-63645F6F8387}.Debug|Any CPU.ActiveCfg = Debug|Any CPU
		{B9248F03-D550-4E74-B999-63645F6F8387}.Debug|Any CPU.Build.0 = Debug|Any CPU
		{B9248F03-D550-4E74-B999-63645F6F8387}.Release|Any CPU.ActiveCfg = Release|Any CPU
		{B9248F03-D550-4E74-B999-63645F6F8387}.Release|Any CPU.Build.0 = Release|Any CPU
		{FB44D749-264D-4A14-BE5A-68C4CB825D19}.Debug|Any CPU.ActiveCfg = Debug|Any CPU
		{FB44D749-264D-4A14-BE5A-68C4CB825D19}.Debug|Any CPU.Build.0 = Debug|Any CPU
		{FB44D749-264D-4A14-BE5A-68C4CB825D19}.Release|Any CPU.ActiveCfg = Release|Any CPU
		{FB44D749-264D-4A14-BE5A-68C4CB825D19}.Release|Any CPU.Build.0 = Release|Any CPU
	EndGlobalSection
	GlobalSection(SolutionProperties) = preSolution
		HideSolutionNode = FALSE
	EndGlobalSection
	GlobalSection(NestedProjects) = preSolution
		{E84D85F8-8322-4C51-B64D-6985B5723F39} = {3FB8BB5D-E771-4330-9C00-7EBB535F9816}
		{6830A3F3-DB31-4740-9F2A-6A276E0927B9} = {3FB8BB5D-E771-4330-9C00-7EBB535F9816}
		{42F20BDC-5695-4EDA-B690-264268AB78B9} = {3FB8BB5D-E771-4330-9C00-7EBB535F9816}
		{4AC2A3CB-EC81-4A9F-8664-86D987751CEF} = {3FB8BB5D-E771-4330-9C00-7EBB535F9816}
		{8EEC1453-BBA9-4C61-B53B-6B89D03CEE16} = {792119C9-A512-4B7F-837C-BDE25838BB04}
		{4BC43F52-6A28-4BCA-B180-E9E322952897} = {792119C9-A512-4B7F-837C-BDE25838BB04}
		{B9248F03-D550-4E74-B999-63645F6F8387} = {792119C9-A512-4B7F-837C-BDE25838BB04}
		{FB44D749-264D-4A14-BE5A-68C4CB825D19} = {792119C9-A512-4B7F-837C-BDE25838BB04}
	EndGlobalSection
	GlobalSection(ExtensibilityGlobals) = postSolution
		SolutionGuid = {D5A2AE15-DF8D-4500-88D9-2C9D546CEBF5}
	EndGlobalSection
EndGlobal
